<Solution>
  <Folder Name="/src/">
    <Project Path="src/Controllers/Controllers.csproj" />
    <Project Path="src/Core.Definitions/Core.Definitions.csproj" />
    <Project Path="src/Data.Definitions/Data.Definitions.csproj" />
    <Project Path="src/Data/Data.csproj" />
    <Project Path="src/Debug/Debug.csproj" />
    <Project Path="src/Editor/Editor.csproj" />
    <Project Path="src/Events.Definitions/Events.Definitions.csproj" />
    <Project Path="src/Events/Events.csproj" />
    <Project Path="src/Game/Game.csproj" />
    <Project Path="src/Requests.Definitions/Requests.Definitions.csproj" />
    <Project Path="src/Requests/Requests.csproj" />
    <Project Path="src/View.Definitions/View.Definitions.csproj" />
    <Project Path="src/View/View.csproj" />
  </Folder>
</Solution>
